// !$*UTF8*$!
{
	archiveVersion = 1;
	classes = {
	};
	objectVersion = 48;
	objects = {

/* Begin PBXBuildFile section */
		DCF717651FCCFEAB00F9AFCE /* AppDelegate.swift in Sources */ = {isa = PBXBuildFile; fileRef = DCF717641FCCFEAB00F9AFCE /* AppDelegate.swift */; };
		DCF717671FCCFEAB00F9AFCE /* ViewController.swift in Sources */ = {isa = PBXBuildFile; fileRef = DCF717661FCCFEAB00F9AFCE /* ViewController.swift */; };
		DCF7176A1FCCFEAB00F9AFCE /* Main.storyboard in Resources */ = {isa = PBXBuildFile; fileRef = DCF717681FCCFEAB00F9AFCE /* Main.storyboard */; };
		DCF7176C1FCCFEAB00F9AFCE /* Assets.xcassets in Resources */ = {isa = PBXBuildFile; fileRef = DCF7176B1FCCFEAB00F9AFCE /* Assets.xcassets */; };
		DCF7176F1FCCFEAB00F9AFCE /* LaunchScreen.storyboard in Resources */ = {isa = PBXBuildFile; fileRef = DCF7176D1FCCFEAB00F9AFCE /* LaunchScreen.storyboard */; };
		DCF717771FCD005C00F9AFCE /* ModalViewController.swift in Sources */ = {isa = PBXBuildFile; fileRef = DCF717761FCD005C00F9AFCE /* ModalViewController.swift */; };
/* End PBXBuildFile section */

/* Begin PBXFileReference section */
		DCF717611FCCFEAB00F9AFCE /* ShareSheetFromAlertWindow.app */ = {isa = PBXFileReference; explicitFileType = wrapper.application; includeInIndex = 0; path = ShareSheetFromAlertWindow.app; sourceTree = BUILT_PRODUCTS_DIR; };
		DCF717641FCCFEAB00F9AFCE /* AppDelegate.swift */ = {isa = PBXFileReference; lastKnownFileType = sourcecode.swift; path = AppDelegate.swift; sourceTree = "<group>"; };
		DCF717661FCCFEAB00F9AFCE /* ViewController.swift */ = {isa = PBXFileReference; lastKnownFileType = sourcecode.swift; path = ViewController.swift; sourceTree = "<group>"; };
		DCF717691FCCFEAB00F9AFCE /* Base */ = {isa = PBXFileReference; lastKnownFileType = file.storyboard; name = Base; path = Base.lproj/Main.storyboard; sourceTree = "<group>"; };
		DCF7176B1FCCFEAB00F9AFCE /* Assets.xcassets */ = {isa = PBXFileReference; lastKnownFileType = folder.assetcatalog; path = Assets.xcassets; sourceTree = "<group>"; };
		DCF7176E1FCCFEAB00F9AFCE /* Base */ = {isa = PBXFileReference; lastKnownFileType = file.storyboard; name = Base; path = Base.lproj/LaunchScreen.storyboard; sourceTree = "<group>"; };
		DCF717701FCCFEAB00F9AFCE /* Info.plist */ = {isa = PBXFileReference; lastKnownFileType = text.plist.xml; path = Info.plist; sourceTree = "<group>"; };
		DCF717761FCD005C00F9AFCE /* ModalViewController.swift */ = {isa = PBXFileReference; lastKnownFileType = sourcecode.swift; path = ModalViewController.swift; sourceTree = "<group>"; };
/* End PBXFileReference section */

/* Begin PBXFrameworksBuildPhase section */
		DCF7175E1FCCFEAB00F9AFCE /* Frameworks */ = {
			isa = PBXFrameworksBuildPhase;
			buildActionMask = 2147483647;
			files = (
			);
			runOnlyForDeploymentPostprocessing = 0;
		};
/* End PBXFrameworksBuildPhase section */

/* Begin PBXGroup section */
		DCF717581FCCFEAB00F9AFCE = {
			isa = PBXGroup;
			children = (
				DCF717631FCCFEAB00F9AFCE /* ShareSheetFromAlertWindow */,
				DCF717621FCCFEAB00F9AFCE /* Products */,
			);
			sourceTree = "<group>";
		};
		DCF717621FCCFEAB00F9AFCE /* Products */ = {
			isa = PBXGroup;
			children = (
				DCF717611FCCFEAB00F9AFCE /* ShareSheetFromAlertWindow.app */,
			);
			name = Products;
			sourceTree = "<group>";
		};
		DCF717631FCCFEAB00F9AFCE /* ShareSheetFromAlertWindow */ = {
			isa = PBXGroup;
			children = (
				DCF717641FCCFEAB00F9AFCE /* AppDelegate.swift */,
				DCF717761FCD005C00F9AFCE /* ModalViewController.swift */,
				DCF717661FCCFEAB00F9AFCE /* ViewController.swift */,
				DCF717681FCCFEAB00F9AFCE /* Main.storyboard */,
				DCF7176B1FCCFEAB00F9AFCE /* Assets.xcassets */,
				DCF7176D1FCCFEAB00F9AFCE /* LaunchScreen.storyboard */,
				DCF717701FCCFEAB00F9AFCE /* Info.plist */,
			);
			path = ShareSheetFromAlertWindow;
			sourceTree = "<group>";
		};
/* End PBXGroup section */

/* Begin PBXNativeTarget section */
		DCF717601FCCFEAB00F9AFCE /* ShareSheetFromAlertWindow */ = {
			isa = PBXNativeTarget;
			buildConfigurationList = DCF717731FCCFEAB00F9AFCE /* Build configuration list for PBXNativeTarget "ShareSheetFromAlertWindow" */;
			buildPhases = (
				DCF7175D1FCCFEAB00F9AFCE /* Sources */,
				DCF7175E1FCCFEAB00F9AFCE /* Frameworks */,
				DCF7175F1FCCFEAB00F9AFCE /* Resources */,
			);
			buildRules = (
			);
			dependencies = (
			);
			name = ShareSheetFromAlertWindow;
			productName = ShareSheetFromAlertWindow;
			productReference = DCF717611FCCFEAB00F9AFCE /* ShareSheetFromAlertWindow.app */;
			productType = "com.apple.product-type.application";
		};
/* End PBXNativeTarget section */

/* Begin PBXProject section */
		DCF717591FCCFEAB00F9AFCE /* Project object */ = {
			isa = PBXProject;
			attributes = {
				LastSwiftUpdateCheck = 0920;
				LastUpgradeCheck = 0920;
				ORGANIZATIONNAME = "Ryan McLeod";
				TargetAttributes = {
					DCF717601FCCFEAB00F9AFCE = {
						CreatedOnToolsVersion = 9.2;
						ProvisioningStyle = Automatic;
					};
				};
			};
			buildConfigurationList = DCF7175C1FCCFEAB00F9AFCE /* Build configuration list for PBXProject "ShareSheetFromAlertWindow" */;
			compatibilityVersion = "Xcode 8.0";
			developmentRegion = en;
			hasScannedForEncodings = 0;
			knownRegions = (
				en,
				Base,
			);
			mainGroup = DCF717581FCCFEAB00F9AFCE;
			productRefGroup = DCF717621FCCFEAB00F9AFCE /* Products */;
			projectDirPath = "";
			projectRoot = "";
			targets = (
				DCF717601FCCFEAB00F9AFCE /* ShareSheetFromAlertWindow */,
			);
		};
/* End PBXProject section */

/* Begin PBXResourcesBuildPhase section */
		DCF7175F1FCCFEAB00F9AFCE /* Resources */ = {
			isa = PBXResourcesBuildPhase;
			buildActionMask = 2147483647;
			files = (
				DCF7176F1FCCFEAB00F9AFCE /* LaunchScreen.storyboard in Resources */,
				DCF7176C1FCCFEAB00F9AFCE /* Assets.xcassets in Resources */,
				DCF7176A1FCCFEAB00F9AFCE /* Main.storyboard in Resources */,
			);
			runOnlyForDeploymentPostprocessing = 0;
		};
/* End PBXResourcesBuildPhase section */

/* Begin PBXSourcesBuildPhase section */
		DCF7175D1FCCFEAB00F9AFCE /* Sources */ = {
			isa = PBXSourcesBuildPhase;
			buildActionMask = 2147483647;
			files = (
				DCF717671FCCFEAB00F9AFCE /* ViewController.swift in Sources */,
				DCF717771FCD005C00F9AFCE /* ModalViewController.swift in Sources */,
				DCF717651FCCFEAB00F9AFCE /* AppDelegate.swift in Sources */,
			);
			runOnlyForDeploymentPostprocessing = 0;
		};
/* End PBXSourcesBuildPhase section */

/* Begin PBXVariantGroup section */
		DCF717681FCCFEAB00F9AFCE /* Main.storyboard */ = {
			isa = PBXVariantGroup;
			children = (
				DCF717691FCCFEAB00F9AFCE /* Base */,
			);
			name = Main.storyboard;
			sourceTree = "<group>";
		};
		DCF7176D1FCCFEAB00F9AFCE /* LaunchScreen.storyboard */ = {
			isa = PBXVariantGroup;
			children = (
				DCF7176E1FCCFEAB00F9AFCE /* Base */,
			);
			name = LaunchScreen.storyboard;
			sourceTree = "<group>";
		};
/* End PBXVariantGroup section */

/* Begin XCBuildConfiguration section */
		DCF717711FCCFEAB00F9AFCE /* Debug */ = {
			isa = XCBuildConfiguration;
			buildSettings = {
				ALWAYS_SEARCH_USER_PATHS = NO;
				CLANG_ANALYZER_NONNULL = YES;
				CLANG_ANALYZER_NUMBER_OBJECT_CONVERSION = YES_AGGRESSIVE;
				CLANG_CXX_LANGUAGE_STANDARD = "gnu++14";
				CLANG_CXX_LIBRARY = "libc++";
				CLANG_ENABLE_MODULES = YES;
				CLANG_ENABLE_OBJC_ARC = YES;
				CLANG_WARN_BLOCK_CAPTURE_AUTORELEASING = YES;
				CLANG_WARN_BOOL_CONVERSION = YES;
				CLANG_WARN_COMMA = YES;
				CLANG_WARN_CONSTANT_CONVERSION = YES;
				CLANG_WARN_DIRECT_OBJC_ISA_USAGE = YES_ERROR;
				CLANG_WARN_DOCUMENTATION_COMMENTS = YES;
				CLANG_WARN_EMPTY_BODY = YES;
				CLANG_WARN_ENUM_CONVERSION = YES;
				CLANG_WARN_INFINITE_RECURSION = YES;
				CLANG_WARN_INT_CONVERSION = YES;
				CLANG_WARN_NON_LITERAL_NULL_CONVERSION = YES;
				CLANG_WARN_OBJC_LITERAL_CONVERSION = YES;
				CLANG_WARN_OBJC_ROOT_CLASS = YES_ERROR;
				CLANG_WARN_RANGE_LOOP_ANALYSIS = YES;
				CLANG_WARN_STRICT_PROTOTYPES = YES;
				CLANG_WARN_SUSPICIOUS_MOVE = YES;
				CLANG_WARN_UNGUARDED_AVAILABILITY = YES_AGGRESSIVE;
				CLANG_WARN_UNREACHABLE_CODE = YES;
				CLANG_WARN__DUPLICATE_METHOD_MATCH = YES;
				CODE_SIGN_IDENTITY = "iPhone Developer";
				COPY_PHASE_STRIP = NO;
				DEBUG_INFORMATION_FORMAT = dwarf;
				ENABLE_STRICT_OBJC_MSGSEND = YES;
				ENABLE_TESTABILITY = YES;
				GCC_C_LANGUAGE_STANDARD = gnu11;
				GCC_DYNAMIC_NO_PIC = NO;
				GCC_NO_COMMON_BLOCKS = YES;
				GCC_OPTIMIZATION_LEVEL = 0;
				GCC_PREPROCESSOR_DEFINITIONS = (
					"DEBUG=1",
					"$(inherited)",
				);
				GCC_WARN_64_TO_32_BIT_CONVERSION = YES;
				GCC_WARN_ABOUT_RETURN_TYPE = YES_ERROR;
				GCC_WARN_UNDECLARED_SELECTOR = YES;
				GCC_WARN_UNINITIALIZED_AUTOS = YES_AGGRESSIVE;
				GCC_WARN_UNUSED_FUNCTION = YES;
				GCC_WARN_UNUSED_VARIABLE = YES;
				IPHONEOS_DEPLOYMENT_TARGET = 11.2;
				MTL_ENABLE_DEBUG_INFO = YES;
				ONLY_ACTIVE_ARCH = YES;
				SDKROOT = iphoneos;
				SWIFT_ACTIVE_COMPILATION_CONDITIONS = DEBUG;
				SWIFT_OPTIMIZATION_LEVEL = "-Onone";
			};
			name = Debug;
		};
		DCF717721FCCFEAB00F9AFCE /* Release */ = {
			isa = XCBuildConfiguration;
			buildSettings = {
				ALWAYS_SEARCH_USER_PATHS = NO;
				CLANG_ANALYZER_NONNULL = YES;
				CLANG_ANALYZER_NUMBER_OBJECT_CONVERSION = YES_AGGRESSIVE;
				CLANG_CXX_LANGUAGE_STANDARD = "gnu++14";
				CLANG_CXX_LIBRARY = "libc++";
				CLANG_ENABLE_MODULES = YES;
				CLANG_ENABLE_OBJC_ARC = YES;
				CLANG_WARN_BLOCK_CAPTURE_AUTORELEASING = YES;
				CLANG_WARN_BOOL_CONVERSION = YES;
				CLANG_WARN_COMMA = YES;
				CLANG_WARN_CONSTANT_CONVERSION = YES;
				CLANG_WARN_DIRECT_OBJC_ISA_USAGE = YES_ERROR;
				CLANG_WARN_DOCUMENTATION_COMMENTS = YES;
				CLANG_WARN_EMPTY_BODY = YES;
				CLANG_WARN_ENUM_CONVERSION = YES;
				CLANG_WARN_INFINITE_RECURSION = YES;
				CLANG_WARN_INT_CONVERSION = YES;
				CLANG_WARN_NON_LITERAL_NULL_CONVERSION = YES;
				CLANG_WARN_OBJC_LITERAL_CONVERSION = YES;
				CLANG_WARN_OBJC_ROOT_CLASS = YES_ERROR;
				CLANG_WARN_RANGE_LOOP_ANALYSIS = YES;
				CLANG_WARN_STRICT_PROTOTYPES = YES;
				CLANG_WARN_SUSPICIOUS_MOVE = YES;
				CLANG_WARN_UNGUARDED_AVAILABILITY = YES_AGGRESSIVE;
				CLANG_WARN_UNREACHABLE_CODE = YES;
				CLANG_WARN__DUPLICATE_METHOD_MATCH = YES;
				CODE_SIGN_IDENTITY = "iPhone Developer";
				COPY_PHASE_STRIP = NO;
				DEBUG_INFORMATION_FORMAT = "dwarf-with-dsym";
				ENABLE_NS_ASSERTIONS = NO;
				ENABLE_STRICT_OBJC_MSGSEND = YES;
				GCC_C_LANGUAGE_STANDARD = gnu11;
				GCC_NO_COMMON_BLOCKS = YES;
				GCC_WARN_64_TO_32_BIT_CONVERSION = YES;
				GCC_WARN_ABOUT_RETURN_TYPE = YES_ERROR;
				GCC_WARN_UNDECLARED_SELECTOR = YES;
				GCC_WARN_UNINITIALIZED_AUTOS = YES_AGGRESSIVE;
				GCC_WARN_UNUSED_FUNCTION = YES;
				GCC_WARN_UNUSED_VARIABLE = YES;
				IPHONEOS_DEPLOYMENT_TARGET = 11.2;
				MTL_ENABLE_DEBUG_INFO = NO;
				SDKROOT = iphoneos;
				SWIFT_OPTIMIZATION_LEVEL = "-Owholemodule";
				VALIDATE_PRODUCT = YES;
			};
			name = Release;
		};
		DCF717741FCCFEAB00F9AFCE /* Debug */ = {
			isa = XCBuildConfiguration;
			buildSettings = {
				ASSETCATALOG_COMPILER_APPICON_NAME = AppIcon;
				CODE_SIGN_STYLE = Automatic;
				DEVELOPMENT_TEAM = JVBMY6T275;
				INFOPLIST_FILE = ShareSheetFromAlertWindow/Info.plist;
				LD_RUNPATH_SEARCH_PATHS = "$(inherited) @executable_path/Frameworks";
				PRODUCT_BUNDLE_IDENTIFIER = com.growpixel.ShareSheetFromAlertWindow;
				PRODUCT_NAME = "$(TARGET_NAME)";
				SWIFT_VERSION = 4.0;
				TARGETED_DEVICE_FAMILY = "1,2";
			};
			name = Debug;
		};
		DCF717751FCCFEAB00F9AFCE /* Release */ = {
			isa = XCBuildConfiguration;
			buildSettings = {
				ASSETCATALOG_COMPILER_APPICON_NAME = AppIcon;
				CODE_SIGN_STYLE = Automatic;
				DEVELOPMENT_TEAM = JVBMY6T275;
				INFOPLIST_FILE = ShareSheetFromAlertWindow/Info.plist;
				LD_RUNPATH_SEARCH_PATHS = "$(inherited) @executable_path/Frameworks";
				PRODUCT_BUNDLE_IDENTIFIER = com.growpixel.ShareSheetFromAlertWindow;
				PRODUCT_NAME = "$(TARGET_NAME)";
				SWIFT_VERSION = 4.0;
				TARGETED_DEVICE_FAMILY = "1,2";
			};
			name = Release;
		};
/* End XCBuildConfiguration section */

/* Begin XCConfigurationList section */
		DCF7175C1FCCFEAB00F9AFCE /* Build configuration list for PBXProject "ShareSheetFromAlertWindow" */ = {
			isa = XCConfigurationList;
			buildConfigurations = (
				DCF717711FCCFEAB00F9AFCE /* Debug */,
				DCF717721FCCFEAB00F9AFCE /* Release */,
			);
			defaultConfigurationIsVisible = 0;
			defaultConfigurationName = Release;
		};
		DCF717731FCCFEAB00F9AFCE /* Build configuration list for PBXNativeTarget "ShareSheetFromAlertWindow" */ = {
			isa = XCConfigurationList;
			buildConfigurations = (
				DCF717741FCCFEAB00F9AFCE /* Debug */,
				DCF717751FCCFEAB00F9AFCE /* Release */,
			);
			defaultConfigurationIsVisible = 0;
			defaultConfigurationName = Release;
		};
/* End XCConfigurationList section */
	};
	rootObject = DCF717591FCCFEAB00F9AFCE /* Project object */;
}
